
Microsoft Visual Studio Solution File, Format Version 12.00
# Visual Studio 15
VisualStudioVersion = 15.0.28307.645
MinimumVisualStudioVersion = 10.0.40219.1
Project("{FAE04EC0-301F-11D3-BF4B-00C04F79EFBC}") = "EjercicioPromedios", "EjercicioPromedios\EjercicioPromedios.csproj", "{776E83AD-2C93-4796-B820-AB1AEA5216ED}"
EndProject
Global
	GlobalSection(SolutionConfigurationPlatforms) = preSolution
		Debug|Any CPU = Debug|Any CPU
		Release|Any CPU = Release|Any CPU
	EndGlobalSection
	GlobalSection(ProjectConfigurationPlatforms) = postSolution
		{776E83AD-2C93-4796-B820-AB1AEA5216ED}.Debug|Any CPU.ActiveCfg = Debug|Any CPU
		{776E83AD-2C93-4796-B820-AB1AEA5216ED}.Debug|Any CPU.Build.0 = Debug|Any CPU
		{776E83AD-2C93-4796-B820-AB1AEA5216ED}.Release|Any CPU.ActiveCfg = Release|Any CPU
		{776E83AD-2C93-4796-B820-AB1AEA5216ED}.Release|Any CPU.Build.0 = Release|Any CPU
	EndGlobalSection
	GlobalSection(SolutionProperties) = preSolution
		HideSolutionNode = FALSE
	EndGlobalSection
	GlobalSection(ExtensibilityGlobals) = postSolution
		SolutionGuid = {B67D3516-793B-4267-A058-638F8E6227C2}
	EndGlobalSection
EndGlobal
